// !$*UTF8*$!
{
	archiveVersion = 1;
	classes = {
	};
	objectVersion = 46;
	objects = {

/* Begin PBXBuildFile section */
		372F7BE5162CDDE60038F852 /* Foundation.framework in Frameworks */ = {isa = PBXBuildFile; fileRef = 3734F03015D699FE0078A7E5 /* Foundation.framework */; };
		372F7BF0162CDE1D0038F852 /* DLSFTPConnection.m in Sources */ = {isa = PBXBuildFile; fileRef = 3734F04C15D69AE30078A7E5 /* DLSFTPConnection.m */; };
		372F7BF1162CDE230038F852 /* DLSFTPFile.m in Sources */ = {isa = PBXBuildFile; fileRef = 3738FE4115D72B9600D4BE07 /* DLSFTPFile.m */; };
		372F7BF2162CDE290038F852 /* NSDictionary+SFTPFileAttributes.m in Sources */ = {isa = PBXBuildFile; fileRef = 3738FE4815D7694C00D4BE07 /* NSDictionary+SFTPFileAttributes.m */; };
		3731A5A716CB2F8A00A238C2 /* privatekey.pem in Resources */ = {isa = PBXBuildFile; fileRef = 3731A5A616CB2F8A00A238C2 /* privatekey.pem */; };
		3734F02F15D699FE0078A7E5 /* UIKit.framework in Frameworks */ = {isa = PBXBuildFile; fileRef = 3734F02E15D699FE0078A7E5 /* UIKit.framework */; };
		3734F03115D699FE0078A7E5 /* Foundation.framework in Frameworks */ = {isa = PBXBuildFile; fileRef = 3734F03015D699FE0078A7E5 /* Foundation.framework */; };
		3734F03315D699FE0078A7E5 /* CoreGraphics.framework in Frameworks */ = {isa = PBXBuildFile; fileRef = 3734F03215D699FE0078A7E5 /* CoreGraphics.framework */; };
		3734F03915D699FE0078A7E5 /* InfoPlist.strings in Resources */ = {isa = PBXBuildFile; fileRef = 3734F03715D699FE0078A7E5 /* InfoPlist.strings */; };
		3734F03B15D699FE0078A7E5 /* main.m in Sources */ = {isa = PBXBuildFile; fileRef = 3734F03A15D699FE0078A7E5 /* main.m */; };
		3734F03F15D699FE0078A7E5 /* AppDelegate.m in Sources */ = {isa = PBXBuildFile; fileRef = 3734F03E15D699FE0078A7E5 /* AppDelegate.m */; };
		3734F05115D69B190078A7E5 /* libcrypto.a in Frameworks */ = {isa = PBXBuildFile; fileRef = 3734F04E15D69B190078A7E5 /* libcrypto.a */; };
		3734F05215D69B190078A7E5 /* libssh2.a in Frameworks */ = {isa = PBXBuildFile; fileRef = 3734F04F15D69B190078A7E5 /* libssh2.a */; };
		3734F05315D69B190078A7E5 /* libssl.a in Frameworks */ = {isa = PBXBuildFile; fileRef = 3734F05015D69B190078A7E5 /* libssl.a */; };
		3738FE3E15D704E900D4BE07 /* libz.dylib in Frameworks */ = {isa = PBXBuildFile; fileRef = 3738FE3D15D704E900D4BE07 /* libz.dylib */; };
		375BDA9D16E596CC00E96C64 /* DLSFTPRequest.m in Sources */ = {isa = PBXBuildFile; fileRef = 375BDA9C16E596CC00E96C64 /* DLSFTPRequest.m */; };
		375BDAA016E8430600E96C64 /* DLSFTPListFilesRequest.m in Sources */ = {isa = PBXBuildFile; fileRef = 375BDA9F16E8430600E96C64 /* DLSFTPListFilesRequest.m */; };
		375BDAA416E97D2600E96C64 /* DLSFTPDownloadRequest.m in Sources */ = {isa = PBXBuildFile; fileRef = 375BDAA316E97D2600E96C64 /* DLSFTPDownloadRequest.m */; };
		375BDAA716EAD62200E96C64 /* DLSFTPMakeDirectoryRequest.m in Sources */ = {isa = PBXBuildFile; fileRef = 375BDAA616EAD62200E96C64 /* DLSFTPMakeDirectoryRequest.m */; };
		375BDAAA16EAE26C00E96C64 /* DLSFTPRemoveDirectoryRequest.m in Sources */ = {isa = PBXBuildFile; fileRef = 375BDAA916EAE26C00E96C64 /* DLSFTPRemoveDirectoryRequest.m */; };
		375BDAAD16EAE4ED00E96C64 /* DLSFTPUploadRequest.m in Sources */ = {isa = PBXBuildFile; fileRef = 375BDAAC16EAE4ED00E96C64 /* DLSFTPUploadRequest.m */; };
		375BDAB316EB881E00E96C64 /* DLSFTPMoveRenameRequest.m in Sources */ = {isa = PBXBuildFile; fileRef = 375BDAB216EB881E00E96C64 /* DLSFTPMoveRenameRequest.m */; };
		375BDAB916EB913900E96C64 /* DLSFTPRemoveFileRequest.m in Sources */ = {isa = PBXBuildFile; fileRef = 375BDAB816EB913900E96C64 /* DLSFTPRemoveFileRequest.m */; };
		375BDABA16EB940000E96C64 /* DLSFTPClientPrivateKeyTests.m in Sources */ = {isa = PBXBuildFile; fileRef = 3731A5A916CB2FEA00A238C2 /* DLSFTPClientPrivateKeyTests.m */; };
		375D47F615F0402300BB8B79 /* FileUploadViewController.m in Sources */ = {isa = PBXBuildFile; fileRef = 375D47F515F0402300BB8B79 /* FileUploadViewController.m */; };
		375D47FA15F1939E00BB8B79 /* UploadFilePickerViewController.m in Sources */ = {isa = PBXBuildFile; fileRef = 375D47F915F1939E00BB8B79 /* UploadFilePickerViewController.m */; };
		3788412716CF2CAA00CBCB2D /* libDLSFTPClient.a in Frameworks */ = {isa = PBXBuildFile; fileRef = 372F7BE4162CDDE60038F852 /* libDLSFTPClient.a */; };
		379B78E715E86DA5007B8DAB /* LocalFilesViewController.m in Sources */ = {isa = PBXBuildFile; fileRef = 379B78E615E86DA5007B8DAB /* LocalFilesViewController.m */; };
		37A5B1BA15F5119A00B1577E /* FileOperationsViewController.m in Sources */ = {isa = PBXBuildFile; fileRef = 37A5B1B915F5119A00B1577E /* FileOperationsViewController.m */; };
		37CDBC8E169FBBB900232688 /* testfile.jpg in Resources */ = {isa = PBXBuildFile; fileRef = 37CDBC8D169FBBB900232688 /* testfile.jpg */; };
		37D09450172DB84700375E11 /* CFNetwork.framework in Frameworks */ = {isa = PBXBuildFile; fileRef = 37D0944F172DB84700375E11 /* CFNetwork.framework */; };
		37D09452172DB87B00375E11 /* CFNetwork.framework in Frameworks */ = {isa = PBXBuildFile; fileRef = 37D0944F172DB84700375E11 /* CFNetwork.framework */; };
		37D09453172DB87C00375E11 /* CFNetwork.framework in Frameworks */ = {isa = PBXBuildFile; fileRef = 37D0944F172DB84700375E11 /* CFNetwork.framework */; };
		37D6580E160EA1870041099A /* DLDocumentsDirectoryPath.m in Sources */ = {isa = PBXBuildFile; fileRef = 37D6580D160EA1870041099A /* DLDocumentsDirectoryPath.m */; };
		37D65811160EA1F50041099A /* Default-568h@2x.png in Resources */ = {isa = PBXBuildFile; fileRef = 37D65810160EA1F50041099A /* Default-568h@2x.png */; };
		37DB18AB1699EB300053D51A /* SenTestingKit.framework in Frameworks */ = {isa = PBXBuildFile; fileRef = 37DB18AA1699EB300053D51A /* SenTestingKit.framework */; };
		37DB18AC1699EB300053D51A /* UIKit.framework in Frameworks */ = {isa = PBXBuildFile; fileRef = 3734F02E15D699FE0078A7E5 /* UIKit.framework */; };
		37DB18AD1699EB300053D51A /* Foundation.framework in Frameworks */ = {isa = PBXBuildFile; fileRef = 3734F03015D699FE0078A7E5 /* Foundation.framework */; };
		37DB18B31699EB300053D51A /* InfoPlist.strings in Resources */ = {isa = PBXBuildFile; fileRef = 37DB18B11699EB300053D51A /* InfoPlist.strings */; };
		37DB18B61699EB300053D51A /* DLSFTPClientTests.m in Sources */ = {isa = PBXBuildFile; fileRef = 37DB18B51699EB300053D51A /* DLSFTPClientTests.m */; };
		37DB18BF1699F0280053D51A /* libssl.a in Frameworks */ = {isa = PBXBuildFile; fileRef = 3734F05015D69B190078A7E5 /* libssl.a */; };
		37DB18C01699F02B0053D51A /* libssh2.a in Frameworks */ = {isa = PBXBuildFile; fileRef = 3734F04F15D69B190078A7E5 /* libssh2.a */; };
		37DB18C11699F02F0053D51A /* libcrypto.a in Frameworks */ = {isa = PBXBuildFile; fileRef = 3734F04E15D69B190078A7E5 /* libcrypto.a */; };
		37DB18C21699F0320053D51A /* libz.dylib in Frameworks */ = {isa = PBXBuildFile; fileRef = 3738FE3D15D704E900D4BE07 /* libz.dylib */; };
		37DB18C3169A30820053D51A /* libDLSFTPClient.a in Frameworks */ = {isa = PBXBuildFile; fileRef = 372F7BE4162CDDE60038F852 /* libDLSFTPClient.a */; };
		37DB18D1169A3AB10053D51A /* ConnectionInfo.plist in Resources */ = {isa = PBXBuildFile; fileRef = 37DB18D0169A3AB10053D51A /* ConnectionInfo.plist */; };
		37F90D2015DC98F1006F8FB7 /* LoginViewController.m in Sources */ = {isa = PBXBuildFile; fileRef = 37F90D1F15DC98F1006F8FB7 /* LoginViewController.m */; };
		37F90D2415E13FB6006F8FB7 /* FileBrowserViewController.m in Sources */ = {isa = PBXBuildFile; fileRef = 37F90D2315E13FB6006F8FB7 /* FileBrowserViewController.m */; };
		37F90D2715E14D87006F8FB7 /* DLFileSizeFormatter.m in Sources */ = {isa = PBXBuildFile; fileRef = 37F90D2615E14D87006F8FB7 /* DLFileSizeFormatter.m */; };
		37F90D2A15E1B00B006F8FB7 /* FileDownloadViewController.m in Sources */ = {isa = PBXBuildFile; fileRef = 37F90D2915E1B00B006F8FB7 /* FileDownloadViewController.m */; };
/* End PBXBuildFile section */

/* Begin PBXContainerItemProxy section */
		3788412516CF2C8E00CBCB2D /* PBXContainerItemProxy */ = {
			isa = PBXContainerItemProxy;
			containerPortal = 3734F02115D699FE0078A7E5 /* Project object */;
			proxyType = 1;
			remoteGlobalIDString = 372F7BE3162CDDE60038F852;
			remoteInfo = DLSFTPClient;
		};
		3788412816CF2CB100CBCB2D /* PBXContainerItemProxy */ = {
			isa = PBXContainerItemProxy;
			containerPortal = 3734F02115D699FE0078A7E5 /* Project object */;
			proxyType = 1;
			remoteGlobalIDString = 372F7BE3162CDDE60038F852;
			remoteInfo = DLSFTPClient;
		};
/* End PBXContainerItemProxy section */

/* Begin PBXCopyFilesBuildPhase section */
		372F7BE2162CDDE60038F852 /* CopyFiles */ = {
			isa = PBXCopyFilesBuildPhase;
			buildActionMask = 2147483647;
			dstPath = "include/${PRODUCT_NAME}";
			dstSubfolderSpec = 16;
			files = (
			);
			runOnlyForDeploymentPostprocessing = 0;
		};
/* End PBXCopyFilesBuildPhase section */

/* Begin PBXFileReference section */
		372F7BE4162CDDE60038F852 /* libDLSFTPClient.a */ = {isa = PBXFileReference; explicitFileType = archive.ar; includeInIndex = 0; path = libDLSFTPClient.a; sourceTree = BUILT_PRODUCTS_DIR; };
		3731A5A616CB2F8A00A238C2 /* privatekey.pem */ = {isa = PBXFileReference; fileEncoding = 4; lastKnownFileType = text; path = privatekey.pem; sourceTree = "<group>"; };
		3731A5A816CB2FEA00A238C2 /* DLSFTPClientPrivateKeyTests.h */ = {isa = PBXFileReference; fileEncoding = 4; lastKnownFileType = sourcecode.c.h; path = DLSFTPClientPrivateKeyTests.h; sourceTree = "<group>"; };
		3731A5A916CB2FEA00A238C2 /* DLSFTPClientPrivateKeyTests.m */ = {isa = PBXFileReference; fileEncoding = 4; lastKnownFileType = sourcecode.c.objc; lineEnding = 0; path = DLSFTPClientPrivateKeyTests.m; sourceTree = "<group>"; xcLanguageSpecificationIdentifier = xcode.lang.objc; };
		3734F02A15D699FE0078A7E5 /* DLSFTPClient.app */ = {isa = PBXFileReference; explicitFileType = wrapper.application; includeInIndex = 0; path = DLSFTPClient.app; sourceTree = BUILT_PRODUCTS_DIR; };
		3734F02E15D699FE0078A7E5 /* UIKit.framework */ = {isa = PBXFileReference; includeInIndex = 1; lastKnownFileType = wrapper.framework; name = UIKit.framework; path = System/Library/Frameworks/UIKit.framework; sourceTree = SDKROOT; };
		3734F03015D699FE0078A7E5 /* Foundation.framework */ = {isa = PBXFileReference; includeInIndex = 1; lastKnownFileType = wrapper.framework; name = Foundation.framework; path = System/Library/Frameworks/Foundation.framework; sourceTree = SDKROOT; };
		3734F03215D699FE0078A7E5 /* CoreGraphics.framework */ = {isa = PBXFileReference; includeInIndex = 1; lastKnownFileType = wrapper.framework; name = CoreGraphics.framework; path = System/Library/Frameworks/CoreGraphics.framework; sourceTree = SDKROOT; };
		3734F03615D699FE0078A7E5 /* DLSFTPClient-Info.plist */ = {isa = PBXFileReference; lastKnownFileType = text.plist.xml; path = "DLSFTPClient-Info.plist"; sourceTree = "<group>"; };
		3734F03815D699FE0078A7E5 /* en */ = {isa = PBXFileReference; lastKnownFileType = text.plist.strings; name = en; path = en.lproj/InfoPlist.strings; sourceTree = "<group>"; };
		3734F03A15D699FE0078A7E5 /* main.m */ = {isa = PBXFileReference; lastKnownFileType = sourcecode.c.objc; path = main.m; sourceTree = "<group>"; };
		3734F03C15D699FE0078A7E5 /* DLSFTPClient-Prefix.pch */ = {isa = PBXFileReference; lastKnownFileType = sourcecode.c.h; path = "DLSFTPClient-Prefix.pch"; sourceTree = "<group>"; };
		3734F03D15D699FE0078A7E5 /* AppDelegate.h */ = {isa = PBXFileReference; lastKnownFileType = sourcecode.c.h; path = AppDelegate.h; sourceTree = "<group>"; };
		3734F03E15D699FE0078A7E5 /* AppDelegate.m */ = {isa = PBXFileReference; lastKnownFileType = sourcecode.c.objc; path = AppDelegate.m; sourceTree = "<group>"; };
		3734F04B15D69AE30078A7E5 /* DLSFTPConnection.h */ = {isa = PBXFileReference; fileEncoding = 4; lastKnownFileType = sourcecode.c.h; path = DLSFTPConnection.h; sourceTree = "<group>"; };
		3734F04C15D69AE30078A7E5 /* DLSFTPConnection.m */ = {isa = PBXFileReference; fileEncoding = 4; lastKnownFileType = sourcecode.c.objc; path = DLSFTPConnection.m; sourceTree = "<group>"; };
		3734F04E15D69B190078A7E5 /* libcrypto.a */ = {isa = PBXFileReference; includeInIndex = 1; lastKnownFileType = archive.ar; name = libcrypto.a; path = "../libssh2-for-iOS/lib/libcrypto.a"; sourceTree = "<group>"; };
		3734F04F15D69B190078A7E5 /* libssh2.a */ = {isa = PBXFileReference; includeInIndex = 1; lastKnownFileType = archive.ar; name = libssh2.a; path = "../libssh2-for-iOS/lib/libssh2.a"; sourceTree = "<group>"; };
		3734F05015D69B190078A7E5 /* libssl.a */ = {isa = PBXFileReference; includeInIndex = 1; lastKnownFileType = archive.ar; name = libssl.a; path = "../libssh2-for-iOS/lib/libssl.a"; sourceTree = "<group>"; };
		3738FE3D15D704E900D4BE07 /* libz.dylib */ = {isa = PBXFileReference; lastKnownFileType = "compiled.mach-o.dylib"; name = libz.dylib; path = usr/lib/libz.dylib; sourceTree = SDKROOT; };
		3738FE4015D72B9600D4BE07 /* DLSFTPFile.h */ = {isa = PBXFileReference; fileEncoding = 4; lastKnownFileType = sourcecode.c.h; path = DLSFTPFile.h; sourceTree = "<group>"; };
		3738FE4115D72B9600D4BE07 /* DLSFTPFile.m */ = {isa = PBXFileReference; fileEncoding = 4; lastKnownFileType = sourcecode.c.objc; path = DLSFTPFile.m; sourceTree = "<group>"; };
		3738FE4715D7694C00D4BE07 /* NSDictionary+SFTPFileAttributes.h */ = {isa = PBXFileReference; fileEncoding = 4; lastKnownFileType = sourcecode.c.h; path = "NSDictionary+SFTPFileAttributes.h"; sourceTree = "<group>"; };
		3738FE4815D7694C00D4BE07 /* NSDictionary+SFTPFileAttributes.m */ = {isa = PBXFileReference; fileEncoding = 4; lastKnownFileType = sourcecode.c.objc; path = "NSDictionary+SFTPFileAttributes.m"; sourceTree = "<group>"; };
		375BDA9B16E596CC00E96C64 /* DLSFTPRequest.h */ = {isa = PBXFileReference; fileEncoding = 4; lastKnownFileType = sourcecode.c.h; path = DLSFTPRequest.h; sourceTree = "<group>"; };
		375BDA9C16E596CC00E96C64 /* DLSFTPRequest.m */ = {isa = PBXFileReference; fileEncoding = 4; lastKnownFileType = sourcecode.c.objc; path = DLSFTPRequest.m; sourceTree = "<group>"; };
		375BDA9E16E8430600E96C64 /* DLSFTPListFilesRequest.h */ = {isa = PBXFileReference; fileEncoding = 4; lastKnownFileType = sourcecode.c.h; path = DLSFTPListFilesRequest.h; sourceTree = "<group>"; };
		375BDA9F16E8430600E96C64 /* DLSFTPListFilesRequest.m */ = {isa = PBXFileReference; fileEncoding = 4; lastKnownFileType = sourcecode.c.objc; path = DLSFTPListFilesRequest.m; sourceTree = "<group>"; };
		375BDAA116E845A000E96C64 /* DLSFTP.h */ = {isa = PBXFileReference; lastKnownFileType = sourcecode.c.h; path = DLSFTP.h; sourceTree = "<group>"; };
		375BDAA216E97D2600E96C64 /* DLSFTPDownloadRequest.h */ = {isa = PBXFileReference; fileEncoding = 4; lastKnownFileType = sourcecode.c.h; path = DLSFTPDownloadRequest.h; sourceTree = "<group>"; };
		375BDAA316E97D2600E96C64 /* DLSFTPDownloadRequest.m */ = {isa = PBXFileReference; fileEncoding = 4; lastKnownFileType = sourcecode.c.objc; path = DLSFTPDownloadRequest.m; sourceTree = "<group>"; };
		375BDAA516EAD62200E96C64 /* DLSFTPMakeDirectoryRequest.h */ = {isa = PBXFileReference; fileEncoding = 4; lastKnownFileType = sourcecode.c.h; path = DLSFTPMakeDirectoryRequest.h; sourceTree = "<group>"; };
		375BDAA616EAD62200E96C64 /* DLSFTPMakeDirectoryRequest.m */ = {isa = PBXFileReference; fileEncoding = 4; lastKnownFileType = sourcecode.c.objc; path = DLSFTPMakeDirectoryRequest.m; sourceTree = "<group>"; };
		375BDAA816EAE26B00E96C64 /* DLSFTPRemoveDirectoryRequest.h */ = {isa = PBXFileReference; fileEncoding = 4; lastKnownFileType = sourcecode.c.h; path = DLSFTPRemoveDirectoryRequest.h; sourceTree = "<group>"; };
		375BDAA916EAE26C00E96C64 /* DLSFTPRemoveDirectoryRequest.m */ = {isa = PBXFileReference; fileEncoding = 4; lastKnownFileType = sourcecode.c.objc; path = DLSFTPRemoveDirectoryRequest.m; sourceTree = "<group>"; };
		375BDAAB16EAE4ED00E96C64 /* DLSFTPUploadRequest.h */ = {isa = PBXFileReference; fileEncoding = 4; lastKnownFileType = sourcecode.c.h; path = DLSFTPUploadRequest.h; sourceTree = "<group>"; };
		375BDAAC16EAE4ED00E96C64 /* DLSFTPUploadRequest.m */ = {isa = PBXFileReference; fileEncoding = 4; lastKnownFileType = sourcecode.c.objc; path = DLSFTPUploadRequest.m; sourceTree = "<group>"; };
		375BDAB116EB881E00E96C64 /* DLSFTPMoveRenameRequest.h */ = {isa = PBXFileReference; fileEncoding = 4; lastKnownFileType = sourcecode.c.h; path = DLSFTPMoveRenameRequest.h; sourceTree = "<group>"; };
		375BDAB216EB881E00E96C64 /* DLSFTPMoveRenameRequest.m */ = {isa = PBXFileReference; fileEncoding = 4; lastKnownFileType = sourcecode.c.objc; path = DLSFTPMoveRenameRequest.m; sourceTree = "<group>"; };
		375BDAB716EB913900E96C64 /* DLSFTPRemoveFileRequest.h */ = {isa = PBXFileReference; fileEncoding = 4; lastKnownFileType = sourcecode.c.h; path = DLSFTPRemoveFileRequest.h; sourceTree = "<group>"; };
		375BDAB816EB913900E96C64 /* DLSFTPRemoveFileRequest.m */ = {isa = PBXFileReference; fileEncoding = 4; lastKnownFileType = sourcecode.c.objc; path = DLSFTPRemoveFileRequest.m; sourceTree = "<group>"; };
		375D47F415F0402300BB8B79 /* FileUploadViewController.h */ = {isa = PBXFileReference; fileEncoding = 4; lastKnownFileType = sourcecode.c.h; path = FileUploadViewController.h; sourceTree = "<group>"; };
		375D47F515F0402300BB8B79 /* FileUploadViewController.m */ = {isa = PBXFileReference; fileEncoding = 4; lastKnownFileType = sourcecode.c.objc; path = FileUploadViewController.m; sourceTree = "<group>"; };
		375D47F815F1939E00BB8B79 /* UploadFilePickerViewController.h */ = {isa = PBXFileReference; fileEncoding = 4; lastKnownFileType = sourcecode.c.h; path = UploadFilePickerViewController.h; sourceTree = "<group>"; };
		375D47F915F1939E00BB8B79 /* UploadFilePickerViewController.m */ = {isa = PBXFileReference; fileEncoding = 4; lastKnownFileType = sourcecode.c.objc; path = UploadFilePickerViewController.m; sourceTree = "<group>"; };
		379B78E515E86DA5007B8DAB /* LocalFilesViewController.h */ = {isa = PBXFileReference; fileEncoding = 4; lastKnownFileType = sourcecode.c.h; path = LocalFilesViewController.h; sourceTree = "<group>"; };
		379B78E615E86DA5007B8DAB /* LocalFilesViewController.m */ = {isa = PBXFileReference; fileEncoding = 4; lastKnownFileType = sourcecode.c.objc; path = LocalFilesViewController.m; sourceTree = "<group>"; };
		37A5B1B815F5119A00B1577E /* FileOperationsViewController.h */ = {isa = PBXFileReference; fileEncoding = 4; lastKnownFileType = sourcecode.c.h; path = FileOperationsViewController.h; sourceTree = "<group>"; };
		37A5B1B915F5119A00B1577E /* FileOperationsViewController.m */ = {isa = PBXFileReference; fileEncoding = 4; lastKnownFileType = sourcecode.c.objc; path = FileOperationsViewController.m; sourceTree = "<group>"; };
		37CDBC8D169FBBB900232688 /* testfile.jpg */ = {isa = PBXFileReference; lastKnownFileType = image.jpeg; path = testfile.jpg; sourceTree = "<group>"; };
		37D0944F172DB84700375E11 /* CFNetwork.framework */ = {isa = PBXFileReference; lastKnownFileType = wrapper.framework; name = CFNetwork.framework; path = System/Library/Frameworks/CFNetwork.framework; sourceTree = SDKROOT; };
		37D6580C160EA1860041099A /* DLDocumentsDirectoryPath.h */ = {isa = PBXFileReference; fileEncoding = 4; lastKnownFileType = sourcecode.c.h; path = DLDocumentsDirectoryPath.h; sourceTree = "<group>"; };
		37D6580D160EA1870041099A /* DLDocumentsDirectoryPath.m */ = {isa = PBXFileReference; fileEncoding = 4; lastKnownFileType = sourcecode.c.objc; path = DLDocumentsDirectoryPath.m; sourceTree = "<group>"; };
		37D65810160EA1F50041099A /* Default-568h@2x.png */ = {isa = PBXFileReference; lastKnownFileType = image.png; path = "Default-568h@2x.png"; sourceTree = "<group>"; };
		37DB18A91699EB300053D51A /* DLSFTPClientTests.octest */ = {isa = PBXFileReference; explicitFileType = wrapper.cfbundle; includeInIndex = 0; path = DLSFTPClientTests.octest; sourceTree = BUILT_PRODUCTS_DIR; };
		37DB18AA1699EB300053D51A /* SenTestingKit.framework */ = {isa = PBXFileReference; lastKnownFileType = wrapper.framework; name = SenTestingKit.framework; path = Library/Frameworks/SenTestingKit.framework; sourceTree = DEVELOPER_DIR; };
		37DB18B01699EB300053D51A /* DLSFTPClientTests-Info.plist */ = {isa = PBXFileReference; lastKnownFileType = text.plist.xml; path = "DLSFTPClientTests-Info.plist"; sourceTree = "<group>"; };
		37DB18B21699EB300053D51A /* en */ = {isa = PBXFileReference; lastKnownFileType = text.plist.strings; name = en; path = en.lproj/InfoPlist.strings; sourceTree = "<group>"; };
		37DB18B41699EB300053D51A /* DLSFTPClientTests.h */ = {isa = PBXFileReference; lastKnownFileType = sourcecode.c.h; path = DLSFTPClientTests.h; sourceTree = "<group>"; };
		37DB18B51699EB300053D51A /* DLSFTPClientTests.m */ = {isa = PBXFileReference; lastKnownFileType = sourcecode.c.objc; lineEnding = 0; path = DLSFTPClientTests.m; sourceTree = "<group>"; xcLanguageSpecificationIdentifier = xcode.lang.objc; };
		37DB18B71699EB300053D51A /* DLSFTPClientTests-Prefix.pch */ = {isa = PBXFileReference; lastKnownFileType = sourcecode.c.h; path = "DLSFTPClientTests-Prefix.pch"; sourceTree = "<group>"; };
		37DB18D0169A3AB10053D51A /* ConnectionInfo.plist */ = {isa = PBXFileReference; fileEncoding = 4; lastKnownFileType = text.plist.xml; path = ConnectionInfo.plist; sourceTree = "<group>"; };
		37F90D1E15DC98F1006F8FB7 /* LoginViewController.h */ = {isa = PBXFileReference; fileEncoding = 4; lastKnownFileType = sourcecode.c.h; path = LoginViewController.h; sourceTree = "<group>"; };
		37F90D1F15DC98F1006F8FB7 /* LoginViewController.m */ = {isa = PBXFileReference; fileEncoding = 4; lastKnownFileType = sourcecode.c.objc; path = LoginViewController.m; sourceTree = "<group>"; };
		37F90D2215E13FB6006F8FB7 /* FileBrowserViewController.h */ = {isa = PBXFileReference; fileEncoding = 4; lastKnownFileType = sourcecode.c.h; path = FileBrowserViewController.h; sourceTree = "<group>"; };
		37F90D2315E13FB6006F8FB7 /* FileBrowserViewController.m */ = {isa = PBXFileReference; fileEncoding = 4; lastKnownFileType = sourcecode.c.objc; path = FileBrowserViewController.m; sourceTree = "<group>"; };
		37F90D2515E14D87006F8FB7 /* DLFileSizeFormatter.h */ = {isa = PBXFileReference; fileEncoding = 4; lastKnownFileType = sourcecode.c.h; path = DLFileSizeFormatter.h; sourceTree = "<group>"; };
		37F90D2615E14D87006F8FB7 /* DLFileSizeFormatter.m */ = {isa = PBXFileReference; fileEncoding = 4; lastKnownFileType = sourcecode.c.objc; path = DLFileSizeFormatter.m; sourceTree = "<group>"; };
		37F90D2815E1B00B006F8FB7 /* FileDownloadViewController.h */ = {isa = PBXFileReference; fileEncoding = 4; lastKnownFileType = sourcecode.c.h; path = FileDownloadViewController.h; sourceTree = "<group>"; };
		37F90D2915E1B00B006F8FB7 /* FileDownloadViewController.m */ = {isa = PBXFileReference; fileEncoding = 4; lastKnownFileType = sourcecode.c.objc; path = FileDownloadViewController.m; sourceTree = "<group>"; };
/* End PBXFileReference section */

/* Begin PBXFrameworksBuildPhase section */
		372F7BE1162CDDE60038F852 /* Frameworks */ = {
			isa = PBXFrameworksBuildPhase;
			buildActionMask = 2147483647;
			files = (
				37D09450172DB84700375E11 /* CFNetwork.framework in Frameworks */,
				372F7BE5162CDDE60038F852 /* Foundation.framework in Frameworks */,
			);
			runOnlyForDeploymentPostprocessing = 0;
		};
		3734F02715D699FE0078A7E5 /* Frameworks */ = {
			isa = PBXFrameworksBuildPhase;
			buildActionMask = 2147483647;
			files = (
				3788412716CF2CAA00CBCB2D /* libDLSFTPClient.a in Frameworks */,
				3738FE3E15D704E900D4BE07 /* libz.dylib in Frameworks */,
				3734F02F15D699FE0078A7E5 /* UIKit.framework in Frameworks */,
				3734F03115D699FE0078A7E5 /* Foundation.framework in Frameworks */,
				3734F03315D699FE0078A7E5 /* CoreGraphics.framework in Frameworks */,
				3734F05115D69B190078A7E5 /* libcrypto.a in Frameworks */,
				3734F05215D69B190078A7E5 /* libssh2.a in Frameworks */,
				3734F05315D69B190078A7E5 /* libssl.a in Frameworks */,
				37D09452172DB87B00375E11 /* CFNetwork.framework in Frameworks */,
			);
			runOnlyForDeploymentPostprocessing = 0;
		};
		37DB18A51699EB300053D51A /* Frameworks */ = {
			isa = PBXFrameworksBuildPhase;
			buildActionMask = 2147483647;
			files = (
				37DB18C3169A30820053D51A /* libDLSFTPClient.a in Frameworks */,
				37DB18AB1699EB300053D51A /* SenTestingKit.framework in Frameworks */,
				37DB18AC1699EB300053D51A /* UIKit.framework in Frameworks */,
				37DB18AD1699EB300053D51A /* Foundation.framework in Frameworks */,
				37DB18BF1699F0280053D51A /* libssl.a in Frameworks */,
				37DB18C01699F02B0053D51A /* libssh2.a in Frameworks */,
				37DB18C11699F02F0053D51A /* libcrypto.a in Frameworks */,
				37DB18C21699F0320053D51A /* libz.dylib in Frameworks */,
				37D09453172DB87C00375E11 /* CFNetwork.framework in Frameworks */,
			);
			runOnlyForDeploymentPostprocessing = 0;
		};
/* End PBXFrameworksBuildPhase section */

/* Begin PBXGroup section */
		3734F01F15D699FE0078A7E5 = {
			isa = PBXGroup;
			children = (
				37D65810160EA1F50041099A /* Default-568h@2x.png */,
				3734F03515D699FE0078A7E5 /* Supporting Files */,
				3734F04A15D69A800078A7E5 /* DemoApp */,
				3734F03415D699FE0078A7E5 /* Classes */,
				37DB18AE1699EB300053D51A /* Tests */,
				3734F02D15D699FE0078A7E5 /* Frameworks */,
				3734F02B15D699FE0078A7E5 /* Products */,
			);
			sourceTree = "<group>";
		};
		3734F02B15D699FE0078A7E5 /* Products */ = {
			isa = PBXGroup;
			children = (
				3734F02A15D699FE0078A7E5 /* DLSFTPClient.app */,
				372F7BE4162CDDE60038F852 /* libDLSFTPClient.a */,
				37DB18A91699EB300053D51A /* DLSFTPClientTests.octest */,
			);
			name = Products;
			sourceTree = "<group>";
		};
		3734F02D15D699FE0078A7E5 /* Frameworks */ = {
			isa = PBXGroup;
			children = (
				3738FE3D15D704E900D4BE07 /* libz.dylib */,
				3734F04E15D69B190078A7E5 /* libcrypto.a */,
				3734F04F15D69B190078A7E5 /* libssh2.a */,
				3734F05015D69B190078A7E5 /* libssl.a */,
				37D0944F172DB84700375E11 /* CFNetwork.framework */,
				3734F02E15D699FE0078A7E5 /* UIKit.framework */,
				3734F03015D699FE0078A7E5 /* Foundation.framework */,
				3734F03215D699FE0078A7E5 /* CoreGraphics.framework */,
				37DB18AA1699EB300053D51A /* SenTestingKit.framework */,
			);
			name = Frameworks;
			sourceTree = "<group>";
		};
		3734F03415D699FE0078A7E5 /* Classes */ = {
			isa = PBXGroup;
			children = (
				375BDAA116E845A000E96C64 /* DLSFTP.h */,
				3734F04B15D69AE30078A7E5 /* DLSFTPConnection.h */,
				3734F04C15D69AE30078A7E5 /* DLSFTPConnection.m */,
				3738FE4015D72B9600D4BE07 /* DLSFTPFile.h */,
				3738FE4115D72B9600D4BE07 /* DLSFTPFile.m */,
				3738FE4715D7694C00D4BE07 /* NSDictionary+SFTPFileAttributes.h */,
				3738FE4815D7694C00D4BE07 /* NSDictionary+SFTPFileAttributes.m */,
				375BDA9B16E596CC00E96C64 /* DLSFTPRequest.h */,
				375BDA9C16E596CC00E96C64 /* DLSFTPRequest.m */,
				375BDAA216E97D2600E96C64 /* DLSFTPDownloadRequest.h */,
				375BDAA316E97D2600E96C64 /* DLSFTPDownloadRequest.m */,
				375BDA9E16E8430600E96C64 /* DLSFTPListFilesRequest.h */,
				375BDA9F16E8430600E96C64 /* DLSFTPListFilesRequest.m */,
				375BDAA516EAD62200E96C64 /* DLSFTPMakeDirectoryRequest.h */,
				375BDAA616EAD62200E96C64 /* DLSFTPMakeDirectoryRequest.m */,
				375BDAA816EAE26B00E96C64 /* DLSFTPRemoveDirectoryRequest.h */,
				375BDAA916EAE26C00E96C64 /* DLSFTPRemoveDirectoryRequest.m */,
				375BDAB716EB913900E96C64 /* DLSFTPRemoveFileRequest.h */,
				375BDAB816EB913900E96C64 /* DLSFTPRemoveFileRequest.m */,
				375BDAAB16EAE4ED00E96C64 /* DLSFTPUploadRequest.h */,
				375BDAAC16EAE4ED00E96C64 /* DLSFTPUploadRequest.m */,
				375BDAB116EB881E00E96C64 /* DLSFTPMoveRenameRequest.h */,
				375BDAB216EB881E00E96C64 /* DLSFTPMoveRenameRequest.m */,
			);
			name = Classes;
			path = DLSFTPClient/Classes;
			sourceTree = "<group>";
		};
		3734F03515D699FE0078A7E5 /* Supporting Files */ = {
			isa = PBXGroup;
			children = (
				3734F03615D699FE0078A7E5 /* DLSFTPClient-Info.plist */,
				3734F03715D699FE0078A7E5 /* InfoPlist.strings */,
				3734F03A15D699FE0078A7E5 /* main.m */,
				3734F03C15D699FE0078A7E5 /* DLSFTPClient-Prefix.pch */,
			);
			name = "Supporting Files";
			path = DLSFTPClient;
			sourceTree = "<group>";
		};
		3734F04A15D69A800078A7E5 /* DemoApp */ = {
			isa = PBXGroup;
			children = (
				3734F03D15D699FE0078A7E5 /* AppDelegate.h */,
				3734F03E15D699FE0078A7E5 /* AppDelegate.m */,
				37F90D1E15DC98F1006F8FB7 /* LoginViewController.h */,
				37F90D1F15DC98F1006F8FB7 /* LoginViewController.m */,
				37F90D2215E13FB6006F8FB7 /* FileBrowserViewController.h */,
				37F90D2315E13FB6006F8FB7 /* FileBrowserViewController.m */,
				37F90D2515E14D87006F8FB7 /* DLFileSizeFormatter.h */,
				37F90D2615E14D87006F8FB7 /* DLFileSizeFormatter.m */,
				37F90D2815E1B00B006F8FB7 /* FileDownloadViewController.h */,
				37F90D2915E1B00B006F8FB7 /* FileDownloadViewController.m */,
				379B78E515E86DA5007B8DAB /* LocalFilesViewController.h */,
				379B78E615E86DA5007B8DAB /* LocalFilesViewController.m */,
				375D47F415F0402300BB8B79 /* FileUploadViewController.h */,
				375D47F515F0402300BB8B79 /* FileUploadViewController.m */,
				375D47F815F1939E00BB8B79 /* UploadFilePickerViewController.h */,
				375D47F915F1939E00BB8B79 /* UploadFilePickerViewController.m */,
				37A5B1B815F5119A00B1577E /* FileOperationsViewController.h */,
				37A5B1B915F5119A00B1577E /* FileOperationsViewController.m */,
				37D6580C160EA1860041099A /* DLDocumentsDirectoryPath.h */,
				37D6580D160EA1870041099A /* DLDocumentsDirectoryPath.m */,
			);
			name = DemoApp;
			path = DLSFTPClient/DemoApp;
			sourceTree = "<group>";
		};
		37DB18AE1699EB300053D51A /* Tests */ = {
			isa = PBXGroup;
			children = (
				37DB18B41699EB300053D51A /* DLSFTPClientTests.h */,
				37DB18B51699EB300053D51A /* DLSFTPClientTests.m */,
				3731A5A916CB2FEA00A238C2 /* DLSFTPClientPrivateKeyTests.m */,
				3731A5A816CB2FEA00A238C2 /* DLSFTPClientPrivateKeyTests.h */,
				37DB18AF1699EB300053D51A /* Supporting Files */,
			);
			name = Tests;
			path = DLSFTPClient/Tests;
			sourceTree = "<group>";
		};
		37DB18AF1699EB300053D51A /* Supporting Files */ = {
			isa = PBXGroup;
			children = (
				37CDBC8D169FBBB900232688 /* testfile.jpg */,
				3731A5A616CB2F8A00A238C2 /* privatekey.pem */,
				37DB18B01699EB300053D51A /* DLSFTPClientTests-Info.plist */,
				37DB18B11699EB300053D51A /* InfoPlist.strings */,
				37DB18B71699EB300053D51A /* DLSFTPClientTests-Prefix.pch */,
				37DB18D0169A3AB10053D51A /* ConnectionInfo.plist */,
			);
			name = "Supporting Files";
			sourceTree = "<group>";
		};
/* End PBXGroup section */

/* Begin PBXNativeTarget section */
		372F7BE3162CDDE60038F852 /* DLSFTPClient */ = {
			isa = PBXNativeTarget;
			buildConfigurationList = 372F7BED162CDDE60038F852 /* Build configuration list for PBXNativeTarget "DLSFTPClient" */;
			buildPhases = (
				372F7BE0162CDDE60038F852 /* Sources */,
				372F7BE1162CDDE60038F852 /* Frameworks */,
				372F7BE2162CDDE60038F852 /* CopyFiles */,
			);
			buildRules = (
			);
			dependencies = (
			);
			name = DLSFTPClient;
			productName = SFTPClient;
			productReference = 372F7BE4162CDDE60038F852 /* libDLSFTPClient.a */;
			productType = "com.apple.product-type.library.static";
		};
		3734F02915D699FE0078A7E5 /* DLSFTPClientDemo */ = {
			isa = PBXNativeTarget;
			buildConfigurationList = 3734F04215D699FE0078A7E5 /* Build configuration list for PBXNativeTarget "DLSFTPClientDemo" */;
			buildPhases = (
				3734F02615D699FE0078A7E5 /* Sources */,
				3734F02715D699FE0078A7E5 /* Frameworks */,
				3734F02815D699FE0078A7E5 /* Resources */,
			);
			buildRules = (
			);
			dependencies = (
				3788412616CF2C8E00CBCB2D /* PBXTargetDependency */,
			);
			name = DLSFTPClientDemo;
			productName = DLSSHWrapper;
			productReference = 3734F02A15D699FE0078A7E5 /* DLSFTPClient.app */;
			productType = "com.apple.product-type.application";
		};
		37DB18A81699EB300053D51A /* DLSFTPClientTests */ = {
			isa = PBXNativeTarget;
			buildConfigurationList = 37DB18BA1699EB300053D51A /* Build configuration list for PBXNativeTarget "DLSFTPClientTests" */;
			buildPhases = (
				37DB18A41699EB300053D51A /* Sources */,
				37DB18A51699EB300053D51A /* Frameworks */,
				37DB18A61699EB300053D51A /* Resources */,
				37DB18A71699EB300053D51A /* ShellScript */,
			);
			buildRules = (
			);
			dependencies = (
				3788412916CF2CB100CBCB2D /* PBXTargetDependency */,
			);
			name = DLSFTPClientTests;
			productName = DLSFTPClientTests;
			productReference = 37DB18A91699EB300053D51A /* DLSFTPClientTests.octest */;
			productType = "com.apple.product-type.bundle";
		};
/* End PBXNativeTarget section */

/* Begin PBXProject section */
		3734F02115D699FE0078A7E5 /* Project object */ = {
			isa = PBXProject;
			attributes = {
				LastUpgradeCheck = 0460;
				ORGANIZATIONNAME = "Dan Leehr";
			};
			buildConfigurationList = 3734F02415D699FE0078A7E5 /* Build configuration list for PBXProject "DLSFTPClient" */;
			compatibilityVersion = "Xcode 3.2";
			developmentRegion = English;
			hasScannedForEncodings = 0;
			knownRegions = (
				en,
			);
			mainGroup = 3734F01F15D699FE0078A7E5;
			productRefGroup = 3734F02B15D699FE0078A7E5 /* Products */;
			projectDirPath = "";
			projectRoot = "";
			targets = (
				3734F02915D699FE0078A7E5 /* DLSFTPClientDemo */,
				372F7BE3162CDDE60038F852 /* DLSFTPClient */,
				37DB18A81699EB300053D51A /* DLSFTPClientTests */,
			);
		};
/* End PBXProject section */

/* Begin PBXResourcesBuildPhase section */
		3734F02815D699FE0078A7E5 /* Resources */ = {
			isa = PBXResourcesBuildPhase;
			buildActionMask = 2147483647;
			files = (
				3734F03915D699FE0078A7E5 /* InfoPlist.strings in Resources */,
				37D65811160EA1F50041099A /* Default-568h@2x.png in Resources */,
			);
			runOnlyForDeploymentPostprocessing = 0;
		};
		37DB18A61699EB300053D51A /* Resources */ = {
			isa = PBXResourcesBuildPhase;
			buildActionMask = 2147483647;
			files = (
				37DB18B31699EB300053D51A /* InfoPlist.strings in Resources */,
				37DB18D1169A3AB10053D51A /* ConnectionInfo.plist in Resources */,
				37CDBC8E169FBBB900232688 /* testfile.jpg in Resources */,
				3731A5A716CB2F8A00A238C2 /* privatekey.pem in Resources */,
			);
			runOnlyForDeploymentPostprocessing = 0;
		};
/* End PBXResourcesBuildPhase section */

/* Begin PBXShellScriptBuildPhase section */
		37DB18A71699EB300053D51A /* ShellScript */ = {
			isa = PBXShellScriptBuildPhase;
			buildActionMask = 2147483647;
			files = (
			);
			inputPaths = (
			);
			outputPaths = (
			);
			runOnlyForDeploymentPostprocessing = 0;
			shellPath = /bin/sh;
			shellScript = "# Run the unit tests in this test bundle.\n\"${SYSTEM_DEVELOPER_DIR}/Tools/RunUnitTests\"\n";
		};
/* End PBXShellScriptBuildPhase section */

/* Begin PBXSourcesBuildPhase section */
		372F7BE0162CDDE60038F852 /* Sources */ = {
			isa = PBXSourcesBuildPhase;
			buildActionMask = 2147483647;
			files = (
				372F7BF0162CDE1D0038F852 /* DLSFTPConnection.m in Sources */,
				372F7BF1162CDE230038F852 /* DLSFTPFile.m in Sources */,
				372F7BF2162CDE290038F852 /* NSDictionary+SFTPFileAttributes.m in Sources */,
				375BDA9D16E596CC00E96C64 /* DLSFTPRequest.m in Sources */,
				375BDAA016E8430600E96C64 /* DLSFTPListFilesRequest.m in Sources */,
				375BDAA416E97D2600E96C64 /* DLSFTPDownloadRequest.m in Sources */,
				375BDAA716EAD62200E96C64 /* DLSFTPMakeDirectoryRequest.m in Sources */,
				375BDAAA16EAE26C00E96C64 /* DLSFTPRemoveDirectoryRequest.m in Sources */,
				375BDAAD16EAE4ED00E96C64 /* DLSFTPUploadRequest.m in Sources */,
				375BDAB316EB881E00E96C64 /* DLSFTPMoveRenameRequest.m in Sources */,
				375BDAB916EB913900E96C64 /* DLSFTPRemoveFileRequest.m in Sources */,
			);
			runOnlyForDeploymentPostprocessing = 0;
		};
		3734F02615D699FE0078A7E5 /* Sources */ = {
			isa = PBXSourcesBuildPhase;
			buildActionMask = 2147483647;
			files = (
				3734F03B15D699FE0078A7E5 /* main.m in Sources */,
				3734F03F15D699FE0078A7E5 /* AppDelegate.m in Sources */,
				37F90D2015DC98F1006F8FB7 /* LoginViewController.m in Sources */,
				37F90D2415E13FB6006F8FB7 /* FileBrowserViewController.m in Sources */,
				37F90D2715E14D87006F8FB7 /* DLFileSizeFormatter.m in Sources */,
				37F90D2A15E1B00B006F8FB7 /* FileDownloadViewController.m in Sources */,
				379B78E715E86DA5007B8DAB /* LocalFilesViewController.m in Sources */,
				375D47F615F0402300BB8B79 /* FileUploadViewController.m in Sources */,
				375D47FA15F1939E00BB8B79 /* UploadFilePickerViewController.m in Sources */,
				37A5B1BA15F5119A00B1577E /* FileOperationsViewController.m in Sources */,
				37D6580E160EA1870041099A /* DLDocumentsDirectoryPath.m in Sources */,
			);
			runOnlyForDeploymentPostprocessing = 0;
		};
		37DB18A41699EB300053D51A /* Sources */ = {
			isa = PBXSourcesBuildPhase;
			buildActionMask = 2147483647;
			files = (
				37DB18B61699EB300053D51A /* DLSFTPClientTests.m in Sources */,
				375BDABA16EB940000E96C64 /* DLSFTPClientPrivateKeyTests.m in Sources */,
			);
			runOnlyForDeploymentPostprocessing = 0;
		};
/* End PBXSourcesBuildPhase section */

/* Begin PBXTargetDependency section */
		3788412616CF2C8E00CBCB2D /* PBXTargetDependency */ = {
			isa = PBXTargetDependency;
			target = 372F7BE3162CDDE60038F852 /* DLSFTPClient */;
			targetProxy = 3788412516CF2C8E00CBCB2D /* PBXContainerItemProxy */;
		};
		3788412916CF2CB100CBCB2D /* PBXTargetDependency */ = {
			isa = PBXTargetDependency;
			target = 372F7BE3162CDDE60038F852 /* DLSFTPClient */;
			targetProxy = 3788412816CF2CB100CBCB2D /* PBXContainerItemProxy */;
		};
/* End PBXTargetDependency section */

/* Begin PBXVariantGroup section */
		3734F03715D699FE0078A7E5 /* InfoPlist.strings */ = {
			isa = PBXVariantGroup;
			children = (
				3734F03815D699FE0078A7E5 /* en */,
			);
			name = InfoPlist.strings;
			sourceTree = "<group>";
		};
		37DB18B11699EB300053D51A /* InfoPlist.strings */ = {
			isa = PBXVariantGroup;
			children = (
				37DB18B21699EB300053D51A /* en */,
			);
			name = InfoPlist.strings;
			sourceTree = "<group>";
		};
/* End PBXVariantGroup section */

/* Begin XCBuildConfiguration section */
		372F7BEE162CDDE60038F852 /* Debug */ = {
			isa = XCBuildConfiguration;
			buildSettings = {
				CLANG_CXX_LIBRARY = "libc++";
				CLANG_WARN_EMPTY_BODY = YES;
				DSTROOT = /tmp/SFTPClient.dst;
				GCC_PRECOMPILE_PREFIX_HEADER = YES;
				GCC_PREFIX_HEADER = "DLSFTPClient/DLSFTPClient-Prefix.pch";
				OTHER_LDFLAGS = "";
				PRODUCT_NAME = "$(TARGET_NAME)";
				SKIP_INSTALL = YES;
			};
			name = Debug;
		};
		372F7BEF162CDDE60038F852 /* Release */ = {
			isa = XCBuildConfiguration;
			buildSettings = {
				CLANG_CXX_LIBRARY = "libc++";
				CLANG_WARN_EMPTY_BODY = YES;
				DSTROOT = /tmp/SFTPClient.dst;
				GCC_PRECOMPILE_PREFIX_HEADER = YES;
				GCC_PREFIX_HEADER = "DLSFTPClient/DLSFTPClient-Prefix.pch";
				OTHER_LDFLAGS = "";
				PRODUCT_NAME = "$(TARGET_NAME)";
				SKIP_INSTALL = YES;
			};
			name = Release;
		};
		3734F04015D699FE0078A7E5 /* Debug */ = {
			isa = XCBuildConfiguration;
			buildSettings = {
				ALWAYS_SEARCH_USER_PATHS = NO;
				CLANG_CXX_LANGUAGE_STANDARD = "gnu++0x";
				CLANG_ENABLE_OBJC_ARC = YES;
				CLANG_WARN_CONSTANT_CONVERSION = YES;
				CLANG_WARN_ENUM_CONVERSION = YES;
				CLANG_WARN_INT_CONVERSION = YES;
				CLANG_WARN__DUPLICATE_METHOD_MATCH = YES;
				"CODE_SIGN_IDENTITY[sdk=iphoneos*]" = "iPhone Developer";
				COPY_PHASE_STRIP = NO;
				GCC_C_LANGUAGE_STANDARD = gnu99;
				GCC_DYNAMIC_NO_PIC = NO;
				GCC_OPTIMIZATION_LEVEL = 0;
				GCC_PREPROCESSOR_DEFINITIONS = (
					"DEBUG=1",
					"$(inherited)",
				);
				GCC_SYMBOLS_PRIVATE_EXTERN = NO;
				GCC_VERSION = com.apple.compilers.llvm.clang.1_0;
				GCC_WARN_ABOUT_RETURN_TYPE = YES;
				GCC_WARN_UNINITIALIZED_AUTOS = YES;
				GCC_WARN_UNUSED_VARIABLE = YES;
				HEADER_SEARCH_PATHS = "\"$(SRCROOT)/../libssh2-for-iOS/include\"/**";
				IPHONEOS_DEPLOYMENT_TARGET = 5.1;
				SDKROOT = iphoneos;
				TARGETED_DEVICE_FAMILY = "1,2";
			};
			name = Debug;
		};
		3734F04115D699FE0078A7E5 /* Release */ = {
			isa = XCBuildConfiguration;
			buildSettings = {
				ALWAYS_SEARCH_USER_PATHS = NO;
				CLANG_CXX_LANGUAGE_STANDARD = "gnu++0x";
				CLANG_ENABLE_OBJC_ARC = YES;
				CLANG_WARN_CONSTANT_CONVERSION = YES;
				CLANG_WARN_ENUM_CONVERSION = YES;
				CLANG_WARN_INT_CONVERSION = YES;
				CLANG_WARN__DUPLICATE_METHOD_MATCH = YES;
				"CODE_SIGN_IDENTITY[sdk=iphoneos*]" = "iPhone Developer";
				COPY_PHASE_STRIP = YES;
				GCC_C_LANGUAGE_STANDARD = gnu99;
				GCC_VERSION = com.apple.compilers.llvm.clang.1_0;
				GCC_WARN_ABOUT_RETURN_TYPE = YES;
				GCC_WARN_UNINITIALIZED_AUTOS = YES;
				GCC_WARN_UNUSED_VARIABLE = YES;
				HEADER_SEARCH_PATHS = "\"$(SRCROOT)/../libssh2-for-iOS/include\"/**";
				IPHONEOS_DEPLOYMENT_TARGET = 5.1;
				OTHER_CFLAGS = "-DNS_BLOCK_ASSERTIONS=1";
				SDKROOT = iphoneos;
				TARGETED_DEVICE_FAMILY = "1,2";
				VALIDATE_PRODUCT = YES;
			};
			name = Release;
		};
		3734F04315D699FE0078A7E5 /* Debug */ = {
			isa = XCBuildConfiguration;
			buildSettings = {
				GCC_PRECOMPILE_PREFIX_HEADER = YES;
				GCC_PREFIX_HEADER = "DLSFTPClient/DLSFTPClient-Prefix.pch";
				HEADER_SEARCH_PATHS = (
					"${PODS_HEADERS_SEARCH_PATHS}",
					"\"$(SRCROOT)/../libssh2-for-iOS/include\"/**",
				);
				INFOPLIST_FILE = "DLSFTPClient/DLSFTPClient-Info.plist";
				LIBRARY_SEARCH_PATHS = (
					"$(inherited)",
					"\"$(SRCROOT)/../libssh2-for-iOS/lib\"",
				);
				OTHER_LDFLAGS = "-ObjC";
				PRODUCT_NAME = DLSFTPClient;
				WRAPPER_EXTENSION = app;
			};
			name = Debug;
		};
		3734F04415D699FE0078A7E5 /* Release */ = {
			isa = XCBuildConfiguration;
			buildSettings = {
				GCC_PRECOMPILE_PREFIX_HEADER = YES;
				GCC_PREFIX_HEADER = "DLSFTPClient/DLSFTPClient-Prefix.pch";
				HEADER_SEARCH_PATHS = (
					"${PODS_HEADERS_SEARCH_PATHS}",
					"\"$(SRCROOT)/../libssh2-for-iOS/include\"/**",
				);
				INFOPLIST_FILE = "DLSFTPClient/DLSFTPClient-Info.plist";
				LIBRARY_SEARCH_PATHS = (
					"$(inherited)",
					"\"$(SRCROOT)/../libssh2-for-iOS/lib\"",
				);
				OTHER_LDFLAGS = "-ObjC";
				PRODUCT_NAME = DLSFTPClient;
				WRAPPER_EXTENSION = app;
			};
			name = Release;
		};
		376C09161808BC0C009D2BB3 /* Debug With Optimizations */ = {
			isa = XCBuildConfiguration;
			buildSettings = {
				ALWAYS_SEARCH_USER_PATHS = NO;
				CLANG_CXX_LANGUAGE_STANDARD = "gnu++0x";
				CLANG_ENABLE_OBJC_ARC = YES;
				CLANG_WARN_CONSTANT_CONVERSION = YES;
				CLANG_WARN_ENUM_CONVERSION = YES;
				CLANG_WARN_INT_CONVERSION = YES;
				CLANG_WARN__DUPLICATE_METHOD_MATCH = YES;
				"CODE_SIGN_IDENTITY[sdk=iphoneos*]" = "iPhone Developer";
				COPY_PHASE_STRIP = NO;
				GCC_C_LANGUAGE_STANDARD = gnu99;
				GCC_DYNAMIC_NO_PIC = NO;
				GCC_PREPROCESSOR_DEFINITIONS = (
					"DEBUG=1",
					"$(inherited)",
				);
				GCC_SYMBOLS_PRIVATE_EXTERN = NO;
				GCC_VERSION = com.apple.compilers.llvm.clang.1_0;
				GCC_WARN_ABOUT_RETURN_TYPE = YES;
				GCC_WARN_UNINITIALIZED_AUTOS = YES;
				GCC_WARN_UNUSED_VARIABLE = YES;
				HEADER_SEARCH_PATHS = "\"$(SRCROOT)/../libssh2-for-iOS/include\"/**";
				IPHONEOS_DEPLOYMENT_TARGET = 5.1;
				SDKROOT = iphoneos;
				TARGETED_DEVICE_FAMILY = "1,2";
			};
			name = "Debug With Optimizations";
		};
		376C09171808BC0C009D2BB3 /* Debug With Optimizations */ = {
			isa = XCBuildConfiguration;
			buildSettings = {
				GCC_PRECOMPILE_PREFIX_HEADER = YES;
				GCC_PREFIX_HEADER = "DLSFTPClient/DLSFTPClient-Prefix.pch";
				HEADER_SEARCH_PATHS = (
					"${PODS_HEADERS_SEARCH_PATHS}",
					"\"$(SRCROOT)/../libssh2-for-iOS/include\"/**",
				);
				INFOPLIST_FILE = "DLSFTPClient/DLSFTPClient-Info.plist";
				LIBRARY_SEARCH_PATHS = (
					"$(inherited)",
					"\"$(SRCROOT)/../libssh2-for-iOS/lib\"",
				);
				OTHER_LDFLAGS = "-ObjC";
				PRODUCT_NAME = DLSFTPClient;
				WRAPPER_EXTENSION = app;
			};
			name = "Debug With Optimizations";
		};
		376C09181808BC0C009D2BB3 /* Debug With Optimizations */ = {
			isa = XCBuildConfiguration;
			buildSettings = {
				CLANG_CXX_LIBRARY = "libc++";
				CLANG_WARN_EMPTY_BODY = YES;
				DSTROOT = /tmp/SFTPClient.dst;
				GCC_PRECOMPILE_PREFIX_HEADER = YES;
				GCC_PREFIX_HEADER = "DLSFTPClient/DLSFTPClient-Prefix.pch";
				OTHER_LDFLAGS = "";
				PRODUCT_NAME = "$(TARGET_NAME)";
				SKIP_INSTALL = YES;
			};
			name = "Debug With Optimizations";
		};
		376C09191808BC0C009D2BB3 /* Debug With Optimizations */ = {
			isa = XCBuildConfiguration;
			buildSettings = {
				BUNDLE_LOADER = "$(BUILT_PRODUCTS_DIR)/DLSFTPClient.app/DLSFTPClient";
				CLANG_CXX_LIBRARY = "libc++";
				CLANG_WARN_EMPTY_BODY = YES;
				FRAMEWORK_SEARCH_PATHS = (
					"\"$(SDKROOT)/Developer/Library/Frameworks\"",
					"\"$(DEVELOPER_LIBRARY_DIR)/Frameworks\"",
				);
				GCC_PRECOMPILE_PREFIX_HEADER = YES;
				GCC_PREFIX_HEADER = "DLSFTPClient/Tests/DLSFTPClientTests-Prefix.pch";
				INFOPLIST_FILE = "DLSFTPClient/Tests/DLSFTPClientTests-Info.plist";
				LIBRARY_SEARCH_PATHS = (
					"$(inherited)",
					"\"$(SRCROOT)/../libssh2-for-iOS/lib\"",
				);
				ONLY_ACTIVE_ARCH = YES;
				OTHER_LDFLAGS = "-ObjC";
				PRODUCT_NAME = "$(TARGET_NAME)";
				TEST_HOST = "$(BUNDLE_LOADER)";
				WRAPPER_EXTENSION = octest;
			};
			name = "Debug With Optimizations";
		};
		37D6E560176D0E8700A8E5B2 /* Release Ad-Hoc */ = {
			isa = XCBuildConfiguration;
			buildSettings = {
				ALWAYS_SEARCH_USER_PATHS = NO;
				CLANG_CXX_LANGUAGE_STANDARD = "gnu++0x";
				CLANG_ENABLE_OBJC_ARC = YES;
				CLANG_WARN_CONSTANT_CONVERSION = YES;
				CLANG_WARN_ENUM_CONVERSION = YES;
				CLANG_WARN_INT_CONVERSION = YES;
				CLANG_WARN__DUPLICATE_METHOD_MATCH = YES;
				"CODE_SIGN_IDENTITY[sdk=iphoneos*]" = "iPhone Developer";
				COPY_PHASE_STRIP = YES;
				GCC_C_LANGUAGE_STANDARD = gnu99;
				GCC_VERSION = com.apple.compilers.llvm.clang.1_0;
				GCC_WARN_ABOUT_RETURN_TYPE = YES;
				GCC_WARN_UNINITIALIZED_AUTOS = YES;
				GCC_WARN_UNUSED_VARIABLE = YES;
				HEADER_SEARCH_PATHS = "\"$(SRCROOT)/../libssh2-for-iOS/include\"/**";
				IPHONEOS_DEPLOYMENT_TARGET = 5.1;
				OTHER_CFLAGS = "-DNS_BLOCK_ASSERTIONS=1";
				SDKROOT = iphoneos;
				TARGETED_DEVICE_FAMILY = "1,2";
				VALIDATE_PRODUCT = YES;
			};
			name = "Release Ad-Hoc";
		};
		37D6E561176D0E8700A8E5B2 /* Release Ad-Hoc */ = {
			isa = XCBuildConfiguration;
			buildSettings = {
				GCC_PRECOMPILE_PREFIX_HEADER = YES;
				GCC_PREFIX_HEADER = "DLSFTPClient/DLSFTPClient-Prefix.pch";
				HEADER_SEARCH_PATHS = (
					"${PODS_HEADERS_SEARCH_PATHS}",
					"\"$(SRCROOT)/../libssh2-for-iOS/include\"/**",
				);
				INFOPLIST_FILE = "DLSFTPClient/DLSFTPClient-Info.plist";
				LIBRARY_SEARCH_PATHS = (
					"$(inherited)",
					"\"$(SRCROOT)/../libssh2-for-iOS/lib\"",
				);
				OTHER_LDFLAGS = "-ObjC";
				PRODUCT_NAME = DLSFTPClient;
				WRAPPER_EXTENSION = app;
			};
			name = "Release Ad-Hoc";
		};
		37D6E562176D0E8700A8E5B2 /* Release Ad-Hoc */ = {
			isa = XCBuildConfiguration;
			buildSettings = {
				CLANG_CXX_LIBRARY = "libc++";
				CLANG_WARN_EMPTY_BODY = YES;
				DSTROOT = /tmp/SFTPClient.dst;
				GCC_PRECOMPILE_PREFIX_HEADER = YES;
				GCC_PREFIX_HEADER = "DLSFTPClient/DLSFTPClient-Prefix.pch";
				OTHER_LDFLAGS = "";
				PRODUCT_NAME = "$(TARGET_NAME)";
				SKIP_INSTALL = YES;
			};
			name = "Release Ad-Hoc";
		};
		37D6E563176D0E8700A8E5B2 /* Release Ad-Hoc */ = {
			isa = XCBuildConfiguration;
			buildSettings = {
				BUNDLE_LOADER = "$(BUILT_PRODUCTS_DIR)/DLSFTPClient.app/DLSFTPClient";
				CLANG_CXX_LIBRARY = "libc++";
				CLANG_WARN_EMPTY_BODY = YES;
				FRAMEWORK_SEARCH_PATHS = (
					"\"$(SDKROOT)/Developer/Library/Frameworks\"",
					"\"$(DEVELOPER_LIBRARY_DIR)/Frameworks\"",
				);
				GCC_PRECOMPILE_PREFIX_HEADER = YES;
				GCC_PREFIX_HEADER = "DLSFTPClient/Tests/DLSFTPClientTests-Prefix.pch";
				INFOPLIST_FILE = "DLSFTPClient/Tests/DLSFTPClientTests-Info.plist";
				LIBRARY_SEARCH_PATHS = (
					"$(inherited)",
					"\"$(SRCROOT)/../libssh2-for-iOS/lib\"",
				);
				OTHER_LDFLAGS = "-ObjC";
				PRODUCT_NAME = "$(TARGET_NAME)";
				TEST_HOST = "$(BUNDLE_LOADER)";
				WRAPPER_EXTENSION = octest;
			};
			name = "Release Ad-Hoc";
		};
		37D6E564176D0E9100A8E5B2 /* Release Distribution */ = {
			isa = XCBuildConfiguration;
			buildSettings = {
				ALWAYS_SEARCH_USER_PATHS = NO;
				CLANG_CXX_LANGUAGE_STANDARD = "gnu++0x";
				CLANG_ENABLE_OBJC_ARC = YES;
				CLANG_WARN_CONSTANT_CONVERSION = YES;
				CLANG_WARN_ENUM_CONVERSION = YES;
				CLANG_WARN_INT_CONVERSION = YES;
				CLANG_WARN__DUPLICATE_METHOD_MATCH = YES;
				"CODE_SIGN_IDENTITY[sdk=iphoneos*]" = "iPhone Developer";
				COPY_PHASE_STRIP = YES;
				GCC_C_LANGUAGE_STANDARD = gnu99;
				GCC_VERSION = com.apple.compilers.llvm.clang.1_0;
				GCC_WARN_ABOUT_RETURN_TYPE = YES;
				GCC_WARN_UNINITIALIZED_AUTOS = YES;
				GCC_WARN_UNUSED_VARIABLE = YES;
				HEADER_SEARCH_PATHS = "\"$(SRCROOT)/../libssh2-for-iOS/include\"/**";
				IPHONEOS_DEPLOYMENT_TARGET = 5.1;
				OTHER_CFLAGS = "-DNS_BLOCK_ASSERTIONS=1";
				SDKROOT = iphoneos;
				TARGETED_DEVICE_FAMILY = "1,2";
				VALIDATE_PRODUCT = YES;
			};
			name = "Release Distribution";
		};
		37D6E565176D0E9100A8E5B2 /* Release Distribution */ = {
			isa = XCBuildConfiguration;
			buildSettings = {
				GCC_PRECOMPILE_PREFIX_HEADER = YES;
				GCC_PREFIX_HEADER = "DLSFTPClient/DLSFTPClient-Prefix.pch";
				HEADER_SEARCH_PATHS = (
					"${PODS_HEADERS_SEARCH_PATHS}",
					"\"$(SRCROOT)/../libssh2-for-iOS/include\"/**",
				);
				INFOPLIST_FILE = "DLSFTPClient/DLSFTPClient-Info.plist";
				LIBRARY_SEARCH_PATHS = (
					"$(inherited)",
					"\"$(SRCROOT)/../libssh2-for-iOS/lib\"",
				);
				OTHER_LDFLAGS = "-ObjC";
				PRODUCT_NAME = DLSFTPClient;
				WRAPPER_EXTENSION = app;
			};
			name = "Release Distribution";
		};
		37D6E566176D0E9100A8E5B2 /* Release Distribution */ = {
			isa = XCBuildConfiguration;
			buildSettings = {
				CLANG_CXX_LIBRARY = "libc++";
				CLANG_WARN_EMPTY_BODY = YES;
				DSTROOT = /tmp/SFTPClient.dst;
				GCC_PRECOMPILE_PREFIX_HEADER = YES;
				GCC_PREFIX_HEADER = "DLSFTPClient/DLSFTPClient-Prefix.pch";
				OTHER_LDFLAGS = "";
				PRODUCT_NAME = "$(TARGET_NAME)";
				SKIP_INSTALL = YES;
			};
			name = "Release Distribution";
		};
		37D6E567176D0E9100A8E5B2 /* Release Distribution */ = {
			isa = XCBuildConfiguration;
			buildSettings = {
				BUNDLE_LOADER = "$(BUILT_PRODUCTS_DIR)/DLSFTPClient.app/DLSFTPClient";
				CLANG_CXX_LIBRARY = "libc++";
				CLANG_WARN_EMPTY_BODY = YES;
				FRAMEWORK_SEARCH_PATHS = (
					"\"$(SDKROOT)/Developer/Library/Frameworks\"",
					"\"$(DEVELOPER_LIBRARY_DIR)/Frameworks\"",
				);
				GCC_PRECOMPILE_PREFIX_HEADER = YES;
				GCC_PREFIX_HEADER = "DLSFTPClient/Tests/DLSFTPClientTests-Prefix.pch";
				INFOPLIST_FILE = "DLSFTPClient/Tests/DLSFTPClientTests-Info.plist";
				LIBRARY_SEARCH_PATHS = (
					"$(inherited)",
					"\"$(SRCROOT)/../libssh2-for-iOS/lib\"",
				);
				OTHER_LDFLAGS = "-ObjC";
				PRODUCT_NAME = "$(TARGET_NAME)";
				TEST_HOST = "$(BUNDLE_LOADER)";
				WRAPPER_EXTENSION = octest;
			};
			name = "Release Distribution";
		};
		37DB18B81699EB300053D51A /* Debug */ = {
			isa = XCBuildConfiguration;
			buildSettings = {
				BUNDLE_LOADER = "$(BUILT_PRODUCTS_DIR)/DLSFTPClient.app/DLSFTPClient";
				CLANG_CXX_LIBRARY = "libc++";
				CLANG_WARN_EMPTY_BODY = YES;
				FRAMEWORK_SEARCH_PATHS = (
					"\"$(SDKROOT)/Developer/Library/Frameworks\"",
					"\"$(DEVELOPER_LIBRARY_DIR)/Frameworks\"",
				);
				GCC_PRECOMPILE_PREFIX_HEADER = YES;
				GCC_PREFIX_HEADER = "DLSFTPClient/Tests/DLSFTPClientTests-Prefix.pch";
				INFOPLIST_FILE = "DLSFTPClient/Tests/DLSFTPClientTests-Info.plist";
				LIBRARY_SEARCH_PATHS = (
					"$(inherited)",
					"\"$(SRCROOT)/../libssh2-for-iOS/lib\"",
				);
				ONLY_ACTIVE_ARCH = YES;
				OTHER_LDFLAGS = "-ObjC";
				PRODUCT_NAME = "$(TARGET_NAME)";
				TEST_HOST = "$(BUNDLE_LOADER)";
				WRAPPER_EXTENSION = octest;
			};
			name = Debug;
		};
		37DB18B91699EB300053D51A /* Release */ = {
			isa = XCBuildConfiguration;
			buildSettings = {
				BUNDLE_LOADER = "$(BUILT_PRODUCTS_DIR)/DLSFTPClient.app/DLSFTPClient";
				CLANG_CXX_LIBRARY = "libc++";
				CLANG_WARN_EMPTY_BODY = YES;
				FRAMEWORK_SEARCH_PATHS = (
					"\"$(SDKROOT)/Developer/Library/Frameworks\"",
					"\"$(DEVELOPER_LIBRARY_DIR)/Frameworks\"",
				);
				GCC_PRECOMPILE_PREFIX_HEADER = YES;
				GCC_PREFIX_HEADER = "DLSFTPClient/Tests/DLSFTPClientTests-Prefix.pch";
				INFOPLIST_FILE = "DLSFTPClient/Tests/DLSFTPClientTests-Info.plist";
				LIBRARY_SEARCH_PATHS = (
					"$(inherited)",
					"\"$(SRCROOT)/../libssh2-for-iOS/lib\"",
				);
				OTHER_LDFLAGS = "-ObjC";
				PRODUCT_NAME = "$(TARGET_NAME)";
				TEST_HOST = "$(BUNDLE_LOADER)";
				WRAPPER_EXTENSION = octest;
			};
			name = Release;
		};
/* End XCBuildConfiguration section */

/* Begin XCConfigurationList section */
		372F7BED162CDDE60038F852 /* Build configuration list for PBXNativeTarget "DLSFTPClient" */ = {
			isa = XCConfigurationList;
			buildConfigurations = (
				372F7BEE162CDDE60038F852 /* Debug */,
				376C09181808BC0C009D2BB3 /* Debug With Optimizations */,
				372F7BEF162CDDE60038F852 /* Release */,
				37D6E566176D0E9100A8E5B2 /* Release Distribution */,
				37D6E562176D0E8700A8E5B2 /* Release Ad-Hoc */,
			);
			defaultConfigurationIsVisible = 0;
			defaultConfigurationName = Release;
		};
		3734F02415D699FE0078A7E5 /* Build configuration list for PBXProject "DLSFTPClient" */ = {
			isa = XCConfigurationList;
			buildConfigurations = (
				3734F04015D699FE0078A7E5 /* Debug */,
				376C09161808BC0C009D2BB3 /* Debug With Optimizations */,
				3734F04115D699FE0078A7E5 /* Release */,
				37D6E564176D0E9100A8E5B2 /* Release Distribution */,
				37D6E560176D0E8700A8E5B2 /* Release Ad-Hoc */,
			);
			defaultConfigurationIsVisible = 0;
			defaultConfigurationName = Release;
		};
		3734F04215D699FE0078A7E5 /* Build configuration list for PBXNativeTarget "DLSFTPClientDemo" */ = {
			isa = XCConfigurationList;
			buildConfigurations = (
				3734F04315D699FE0078A7E5 /* Debug */,
				376C09171808BC0C009D2BB3 /* Debug With Optimizations */,
				3734F04415D699FE0078A7E5 /* Release */,
				37D6E565176D0E9100A8E5B2 /* Release Distribution */,
				37D6E561176D0E8700A8E5B2 /* Release Ad-Hoc */,
			);
			defaultConfigurationIsVisible = 0;
			defaultConfigurationName = Release;
		};
		37DB18BA1699EB300053D51A /* Build configuration list for PBXNativeTarget "DLSFTPClientTests" */ = {
			isa = XCConfigurationList;
			buildConfigurations = (
				37DB18B81699EB300053D51A /* Debug */,
				376C09191808BC0C009D2BB3 /* Debug With Optimizations */,
				37DB18B91699EB300053D51A /* Release */,
				37D6E567176D0E9100A8E5B2 /* Release Distribution */,
				37D6E563176D0E8700A8E5B2 /* Release Ad-Hoc */,
			);
			defaultConfigurationIsVisible = 0;
			defaultConfigurationName = Release;
		};
/* End XCConfigurationList section */
	};
	rootObject = 3734F02115D699FE0078A7E5 /* Project object */;
}
